
Microsoft Visual Studio Solution File, Format Version 12.00
# Visual Studio 2013
VisualStudioVersion = 12.0.30501.0
MinimumVisualStudioVersion = 10.0.40219.1
Project("{FAE04EC0-301F-11D3-BF4B-00C04F79EFBC}") = "GameServer", "GameServer\GameServer.csproj", "{14FE692C-52B0-4351-B0CD-FE7D5D8427BD}"
EndProject
Project("{FAE04EC0-301F-11D3-BF4B-00C04F79EFBC}") = "Data", "..\Data\Data.csproj", "{B4F4FB8D-CD02-4725-A59A-BFDAB850036B}"
EndProject
Project("{FAE04EC0-301F-11D3-BF4B-00C04F79EFBC}") = "Tools", "..\Tools\Tools.csproj", "{CE59B5C0-988F-43D3-B355-CC0F8059E2A0}"
EndProject
Project("{FAE04EC0-301F-11D3-BF4B-00C04F79EFBC}") = "AsyncSocket", "..\AsyncSocket\AsyncSocket.csproj", "{BE2FD0DA-D479-4978-B069-B253F8DC4AD2}"
EndProject
Global
	GlobalSection(SolutionConfigurationPlatforms) = preSolution
		Debug|Any CPU = Debug|Any CPU
		Release|Any CPU = Release|Any CPU
	EndGlobalSection
	GlobalSection(ProjectConfigurationPlatforms) = postSolution
		{14FE692C-52B0-4351-B0CD-FE7D5D8427BD}.Debug|Any CPU.ActiveCfg = Debug|Any CPU
		{14FE692C-52B0-4351-B0CD-FE7D5D8427BD}.Debug|Any CPU.Build.0 = Debug|Any CPU
		{14FE692C-52B0-4351-B0CD-FE7D5D8427BD}.Release|Any CPU.ActiveCfg = Release|Any CPU
		{14FE692C-52B0-4351-B0CD-FE7D5D8427BD}.Release|Any CPU.Build.0 = Release|Any CPU
		{B4F4FB8D-CD02-4725-A59A-BFDAB850036B}.Debug|Any CPU.ActiveCfg = Debug|Any CPU
		{B4F4FB8D-CD02-4725-A59A-BFDAB850036B}.Debug|Any CPU.Build.0 = Debug|Any CPU
		{B4F4FB8D-CD02-4725-A59A-BFDAB850036B}.Release|Any CPU.ActiveCfg = Release|Any CPU
		{B4F4FB8D-CD02-4725-A59A-BFDAB850036B}.Release|Any CPU.Build.0 = Release|Any CPU
		{CE59B5C0-988F-43D3-B355-CC0F8059E2A0}.Debug|Any CPU.ActiveCfg = Debug|Any CPU
		{CE59B5C0-988F-43D3-B355-CC0F8059E2A0}.Debug|Any CPU.Build.0 = Debug|Any CPU
		{CE59B5C0-988F-43D3-B355-CC0F8059E2A0}.Release|Any CPU.ActiveCfg = Release|Any CPU
		{CE59B5C0-988F-43D3-B355-CC0F8059E2A0}.Release|Any CPU.Build.0 = Release|Any CPU
		{BE2FD0DA-D479-4978-B069-B253F8DC4AD2}.Debug|Any CPU.ActiveCfg = Debug|Any CPU
		{BE2FD0DA-D479-4978-B069-B253F8DC4AD2}.Debug|Any CPU.Build.0 = Debug|Any CPU
		{BE2FD0DA-D479-4978-B069-B253F8DC4AD2}.Release|Any CPU.ActiveCfg = Release|Any CPU
		{BE2FD0DA-D479-4978-B069-B253F8DC4AD2}.Release|Any CPU.Build.0 = Release|Any CPU
	EndGlobalSection
	GlobalSection(SolutionProperties) = preSolution
		HideSolutionNode = FALSE
	EndGlobalSection
EndGlobal
